{
  "name": "language-typescript",
  "version": "0.4.11",
  "lockfileVersion": 1,
  "requires": true,
  "dependencies": {
    "nan": {
      "version": "2.14.1",
      "resolved": "https://registry.npmjs.org/nan/-/nan-2.14.1.tgz",
      "integrity": "sha512-isWHgVjnFjh2x2yuJ/tj3JbwoHu3UC2dX5G/88Cm24yB6YopVgxvBObDY7n5xW6ExmFhJpSEQqFPvq9zaXc8Jw=="
    },
    "tree-sitter-typescript": {
      "version": "0.16.1",
      "resolved": "https://registry.npmjs.org/tree-sitter-typescript/-/tree-sitter-typescript-0.16.1.tgz",
      "integrity": "sha512-jyU5yl4W6JPn66v2YbzaO1ClDcdDnj+7YQNZz3STgEiUooSjpWI1Ucgw+S/qEGbf0fMXsC0fucpP+/M1uc9ubw==",
      "requires": {
        "nan": "^2.14.0"
      }
    }
  }
}
